
Microsoft Visual Studio Solution File, Format Version 12.00
# Visual Studio Version 17
VisualStudioVersion = 17.4.33403.182
MinimumVisualStudioVersion = 10.0.40219.1
Project("{FAE04EC0-301F-11D3-BF4B-00C04F79EFBC}") = "calcCs", "calcCs.csproj", "{10EE2FED-58B0-4EAD-B9ED-AFDEFB0F24A0}"
EndProject
Global
	GlobalSection(SolutionConfigurationPlatforms) = preSolution
		Debug|Any CPU = Debug|Any CPU
		Release|Any CPU = Release|Any CPU
	EndGlobalSection
	GlobalSection(ProjectConfigurationPlatforms) = postSolution
		{10EE2FED-58B0-4EAD-B9ED-AFDEFB0F24A0}.Debug|Any CPU.ActiveCfg = Debug|Any CPU
		{10EE2FED-58B0-4EAD-B9ED-AFDEFB0F24A0}.Debug|Any CPU.Build.0 = Debug|Any CPU
		{10EE2FED-58B0-4EAD-B9ED-AFDEFB0F24A0}.Release|Any CPU.ActiveCfg = Release|Any CPU
		{10EE2FED-58B0-4EAD-B9ED-AFDEFB0F24A0}.Release|Any CPU.Build.0 = Release|Any CPU
	EndGlobalSection
	GlobalSection(SolutionProperties) = preSolution
		HideSolutionNode = FALSE
	EndGlobalSection
	GlobalSection(ExtensibilityGlobals) = postSolution
		SolutionGuid = {B0294ADD-F13F-48BC-BA95-EEB066C1E4D4}
	EndGlobalSection
EndGlobal
